{
  "version": 4,
  "terraform_version": "1.0.6",
  "serial": 3,
  "lineage": "3531f923-901e-6959-15eb-beda0a5d147d",
  "outputs": {},
  "resources": [
    {
      "mode": "managed",
      "type": "aws_security_group",
      "name": "firstec2sg",
      "provider": "provider[\"registry.terraform.io/hashicorp/aws\"]",
      "instances": [
        {
          "schema_version": 1,
          "attributes": {
            "arn": "arn:aws:ec2:us-west-2:698340235880:security-group/sg-017ebe4ffbeecadc8",
            "description": "Sg for ec2 instance",
            "egress": [
              {
                "cidr_blocks": [
                  "172.38.0.0/16"
                ],
                "description": "",
                "from_port": 22,
                "ipv6_cidr_blocks": [],
                "prefix_list_ids": [],
                "protocol": "tcp",
                "security_groups": [],
                "self": false,
                "to_port": 22
              }
            ],
            "id": "sg-017ebe4ffbeecadc8",
            "ingress": [
              {
                "cidr_blocks": [
                  "172.38.0.0/16"
                ],
                "description": "TLS from VPC",
                "from_port": 22,
                "ipv6_cidr_blocks": [],
                "prefix_list_ids": [],
                "protocol": "tcp",
                "security_groups": [],
                "self": false,
                "to_port": 22
              }
            ],
            "name": "firstec2sg",
            "name_prefix": "",
            "owner_id": "698340235880",
            "revoke_rules_on_delete": false,
            "tags": {
              "Name": "awssg"
            },
            "tags_all": {
              "Name": "awssg"
            },
            "timeouts": null,
            "vpc_id": "vpc-0f533662b235eac2b"
          },
          "sensitive_attributes": [],
          "private": "eyJlMmJmYjczMC1lY2FhLTExZTYtOGY4OC0zNDM2M2JjN2M0YzAiOnsiY3JlYXRlIjo2MDAwMDAwMDAwMDAsImRlbGV0ZSI6OTAwMDAwMDAwMDAwfSwic2NoZW1hX3ZlcnNpb24iOiIxIn0="
        }
      ]
    }
  ]
}
